// !$*UTF8*$!
{
	archiveVersion = 1;
	classes = {
	};
	objectVersion = 46;
	objects = {

/* Begin PBXBuildFile section */
		2C1BB6911D654483006583A8 /* BannerViewCell.m in Sources */ = {isa = PBXBuildFile; fileRef = 2C1BB68F1D654483006583A8 /* BannerViewCell.m */; };
		2C1BB6921D654483006583A8 /* BannerViewCell.xib in Resources */ = {isa = PBXBuildFile; fileRef = 2C1BB6901D654483006583A8 /* BannerViewCell.xib */; };
		2C5026041D69F1C20028CA6E /* LoginViewCell.m in Sources */ = {isa = PBXBuildFile; fileRef = 2C5026021D69F1C20028CA6E /* LoginViewCell.m */; };
		2C5026051D69F1C20028CA6E /* LoginViewCell.xib in Resources */ = {isa = PBXBuildFile; fileRef = 2C5026031D69F1C20028CA6E /* LoginViewCell.xib */; };
		2C5026091D69F3B60028CA6E /* UserInfoViewCell.m in Sources */ = {isa = PBXBuildFile; fileRef = 2C5026071D69F3B60028CA6E /* UserInfoViewCell.m */; };
		2C50260A1D69F3B60028CA6E /* UserInfoViewCell.xib in Resources */ = {isa = PBXBuildFile; fileRef = 2C5026081D69F3B60028CA6E /* UserInfoViewCell.xib */; };
		2C50EA0F1D6605BD0007A709 /* GZVideoModel.m in Sources */ = {isa = PBXBuildFile; fileRef = 2C50EA0E1D6605BD0007A709 /* GZVideoModel.m */; };
		2C681B611D68A2D600DB263B /* GZBarrageModel.m in Sources */ = {isa = PBXBuildFile; fileRef = 2C681B601D68A2D600DB263B /* GZBarrageModel.m */; };
		2C681B681D68AD1E00DB263B /* QuickEntryViewCell.m in Sources */ = {isa = PBXBuildFile; fileRef = 2C681B661D68AD1E00DB263B /* QuickEntryViewCell.m */; };
		2C681B691D68AD1E00DB263B /* QuickEntryViewCell.xib in Resources */ = {isa = PBXBuildFile; fileRef = 2C681B671D68AD1E00DB263B /* QuickEntryViewCell.xib */; };
		2CA859541D650ECE002B5A00 /* HomeViewController.xib in Resources */ = {isa = PBXBuildFile; fileRef = 2CA859531D650ECE002B5A00 /* HomeViewController.xib */; };
		35BDA607D605440D1C4E6A1B /* libPods-News.a in Frameworks */ = {isa = PBXBuildFile; fileRef = 57807A0217240AF7CEF25B1E /* libPods-News.a */; };
		C783F4111D6D4D3F000EFD8C /* BmobRequest.m in Sources */ = {isa = PBXBuildFile; fileRef = C783F4101D6D4D3F000EFD8C /* BmobRequest.m */; };
		C783F4161D6DDB9F000EFD8C /* PersonalViewController.m in Sources */ = {isa = PBXBuildFile; fileRef = C783F4141D6DDB9F000EFD8C /* PersonalViewController.m */; };
		C783F4171D6DDB9F000EFD8C /* PersonalViewController.xib in Resources */ = {isa = PBXBuildFile; fileRef = C783F4151D6DDB9F000EFD8C /* PersonalViewController.xib */; };
		C78AB6F71D6C8E7C00217402 /* ImageScrollCell.m in Sources */ = {isa = PBXBuildFile; fileRef = C78AB6F41D6C8E7C00217402 /* ImageScrollCell.m */; };
		C78AB6F81D6C8E7C00217402 /* ImageScrollView.m in Sources */ = {isa = PBXBuildFile; fileRef = C78AB6F61D6C8E7C00217402 /* ImageScrollView.m */; };
		C79DC9AF1D65ED140088AAD7 /* main.m in Sources */ = {isa = PBXBuildFile; fileRef = C79DC9AE1D65ED140088AAD7 /* main.m */; };
		C79DC9B21D65ED140088AAD7 /* AppDelegate.m in Sources */ = {isa = PBXBuildFile; fileRef = C79DC9B11D65ED140088AAD7 /* AppDelegate.m */; };
		C79DC9B51D65ED140088AAD7 /* ViewController.m in Sources */ = {isa = PBXBuildFile; fileRef = C79DC9B41D65ED140088AAD7 /* ViewController.m */; };
		C79DC9B81D65ED150088AAD7 /* Main.storyboard in Resources */ = {isa = PBXBuildFile; fileRef = C79DC9B61D65ED150088AAD7 /* Main.storyboard */; };
		C79DC9BB1D65ED150088AAD7 /* News.xcdatamodeld in Sources */ = {isa = PBXBuildFile; fileRef = C79DC9B91D65ED150088AAD7 /* News.xcdatamodeld */; };
		C79DC9BD1D65ED150088AAD7 /* Assets.xcassets in Resources */ = {isa = PBXBuildFile; fileRef = C79DC9BC1D65ED150088AAD7 /* Assets.xcassets */; };
		C79DC9C01D65ED150088AAD7 /* LaunchScreen.storyboard in Resources */ = {isa = PBXBuildFile; fileRef = C79DC9BE1D65ED150088AAD7 /* LaunchScreen.storyboard */; };
		C79DC9CB1D65ED150088AAD7 /* NewsTests.m in Sources */ = {isa = PBXBuildFile; fileRef = C79DC9CA1D65ED150088AAD7 /* NewsTests.m */; };
		C79DC9D61D65ED150088AAD7 /* NewsUITests.m in Sources */ = {isa = PBXBuildFile; fileRef = C79DC9D51D65ED150088AAD7 /* NewsUITests.m */; };
		C7CEE0A81D671C930099510A /* HomeViewController.m in Sources */ = {isa = PBXBuildFile; fileRef = C7CEE0A61D671C930099510A /* HomeViewController.m */; };
/* End PBXBuildFile section */

/* Begin PBXContainerItemProxy section */
		C79DC9C71D65ED150088AAD7 /* PBXContainerItemProxy */ = {
			isa = PBXContainerItemProxy;
			containerPortal = C79DC9A21D65ED140088AAD7 /* Project object */;
			proxyType = 1;
			remoteGlobalIDString = C79DC9A91D65ED140088AAD7;
			remoteInfo = News;
		};
		C79DC9D21D65ED150088AAD7 /* PBXContainerItemProxy */ = {
			isa = PBXContainerItemProxy;
			containerPortal = C79DC9A21D65ED140088AAD7 /* Project object */;
			proxyType = 1;
			remoteGlobalIDString = C79DC9A91D65ED140088AAD7;
			remoteInfo = News;
		};
/* End PBXContainerItemProxy section */

/* Begin PBXFileReference section */
		1384BBA253882A9F41688D03 /* Pods-News.release.xcconfig */ = {isa = PBXFileReference; includeInIndex = 1; lastKnownFileType = text.xcconfig; name = "Pods-News.release.xcconfig"; path = "Pods/Target Support Files/Pods-News/Pods-News.release.xcconfig"; sourceTree = "<group>"; };
		2C1BB68E1D654483006583A8 /* BannerViewCell.h */ = {isa = PBXFileReference; fileEncoding = 4; lastKnownFileType = sourcecode.c.h; path = BannerViewCell.h; sourceTree = "<group>"; };
		2C1BB68F1D654483006583A8 /* BannerViewCell.m */ = {isa = PBXFileReference; fileEncoding = 4; lastKnownFileType = sourcecode.c.objc; path = BannerViewCell.m; sourceTree = "<group>"; };
		2C1BB6901D654483006583A8 /* BannerViewCell.xib */ = {isa = PBXFileReference; fileEncoding = 4; lastKnownFileType = file.xib; path = BannerViewCell.xib; sourceTree = "<group>"; };
		2C5026011D69F1C20028CA6E /* LoginViewCell.h */ = {isa = PBXFileReference; fileEncoding = 4; lastKnownFileType = sourcecode.c.h; path = LoginViewCell.h; sourceTree = "<group>"; };
		2C5026021D69F1C20028CA6E /* LoginViewCell.m */ = {isa = PBXFileReference; fileEncoding = 4; lastKnownFileType = sourcecode.c.objc; path = LoginViewCell.m; sourceTree = "<group>"; };
		2C5026031D69F1C20028CA6E /* LoginViewCell.xib */ = {isa = PBXFileReference; fileEncoding = 4; lastKnownFileType = file.xib; path = LoginViewCell.xib; sourceTree = "<group>"; };
		2C5026061D69F3B60028CA6E /* UserInfoViewCell.h */ = {isa = PBXFileReference; fileEncoding = 4; lastKnownFileType = sourcecode.c.h; path = UserInfoViewCell.h; sourceTree = "<group>"; };
		2C5026071D69F3B60028CA6E /* UserInfoViewCell.m */ = {isa = PBXFileReference; fileEncoding = 4; lastKnownFileType = sourcecode.c.objc; path = UserInfoViewCell.m; sourceTree = "<group>"; };
		2C5026081D69F3B60028CA6E /* UserInfoViewCell.xib */ = {isa = PBXFileReference; fileEncoding = 4; lastKnownFileType = file.xib; path = UserInfoViewCell.xib; sourceTree = "<group>"; };
		2C50EA0D1D6605BD0007A709 /* GZVideoModel.h */ = {isa = PBXFileReference; fileEncoding = 4; lastKnownFileType = sourcecode.c.h; path = GZVideoModel.h; sourceTree = "<group>"; };
		2C50EA0E1D6605BD0007A709 /* GZVideoModel.m */ = {isa = PBXFileReference; fileEncoding = 4; lastKnownFileType = sourcecode.c.objc; path = GZVideoModel.m; sourceTree = "<group>"; };
		2C681B5F1D68A2D600DB263B /* GZBarrageModel.h */ = {isa = PBXFileReference; fileEncoding = 4; lastKnownFileType = sourcecode.c.h; path = GZBarrageModel.h; sourceTree = "<group>"; };
		2C681B601D68A2D600DB263B /* GZBarrageModel.m */ = {isa = PBXFileReference; fileEncoding = 4; lastKnownFileType = sourcecode.c.objc; path = GZBarrageModel.m; sourceTree = "<group>"; };
		2C681B651D68AD1E00DB263B /* QuickEntryViewCell.h */ = {isa = PBXFileReference; fileEncoding = 4; lastKnownFileType = sourcecode.c.h; path = QuickEntryViewCell.h; sourceTree = "<group>"; };
		2C681B661D68AD1E00DB263B /* QuickEntryViewCell.m */ = {isa = PBXFileReference; fileEncoding = 4; lastKnownFileType = sourcecode.c.objc; path = QuickEntryViewCell.m; sourceTree = "<group>"; };
		2C681B671D68AD1E00DB263B /* QuickEntryViewCell.xib */ = {isa = PBXFileReference; fileEncoding = 4; lastKnownFileType = file.xib; path = QuickEntryViewCell.xib; sourceTree = "<group>"; };
		2CA859531D650ECE002B5A00 /* HomeViewController.xib */ = {isa = PBXFileReference; fileEncoding = 4; lastKnownFileType = file.xib; path = HomeViewController.xib; sourceTree = "<group>"; };
		57807A0217240AF7CEF25B1E /* libPods-News.a */ = {isa = PBXFileReference; explicitFileType = archive.ar; includeInIndex = 0; path = "libPods-News.a"; sourceTree = BUILT_PRODUCTS_DIR; };
		7E56AD2B49585868D0DFC9BE /* Pods-News.debug.xcconfig */ = {isa = PBXFileReference; includeInIndex = 1; lastKnownFileType = text.xcconfig; name = "Pods-News.debug.xcconfig"; path = "Pods/Target Support Files/Pods-News/Pods-News.debug.xcconfig"; sourceTree = "<group>"; };
		C783F40F1D6D4D3F000EFD8C /* BmobRequest.h */ = {isa = PBXFileReference; fileEncoding = 4; lastKnownFileType = sourcecode.c.h; path = BmobRequest.h; sourceTree = "<group>"; };
		C783F4101D6D4D3F000EFD8C /* BmobRequest.m */ = {isa = PBXFileReference; fileEncoding = 4; lastKnownFileType = sourcecode.c.objc; path = BmobRequest.m; sourceTree = "<group>"; };
		C783F4121D6DA4BC000EFD8C /* constant.h */ = {isa = PBXFileReference; lastKnownFileType = sourcecode.c.h; path = constant.h; sourceTree = "<group>"; };
		C783F4131D6DDB9F000EFD8C /* PersonalViewController.h */ = {isa = PBXFileReference; fileEncoding = 4; lastKnownFileType = sourcecode.c.h; path = PersonalViewController.h; sourceTree = "<group>"; };
		C783F4141D6DDB9F000EFD8C /* PersonalViewController.m */ = {isa = PBXFileReference; fileEncoding = 4; lastKnownFileType = sourcecode.c.objc; path = PersonalViewController.m; sourceTree = "<group>"; };
		C783F4151D6DDB9F000EFD8C /* PersonalViewController.xib */ = {isa = PBXFileReference; fileEncoding = 4; lastKnownFileType = file.xib; path = PersonalViewController.xib; sourceTree = "<group>"; };
		C78AB6F31D6C8E7C00217402 /* ImageScrollCell.h */ = {isa = PBXFileReference; fileEncoding = 4; lastKnownFileType = sourcecode.c.h; name = ImageScrollCell.h; path = LoopView/ImageScrollCell.h; sourceTree = "<group>"; };
		C78AB6F41D6C8E7C00217402 /* ImageScrollCell.m */ = {isa = PBXFileReference; fileEncoding = 4; lastKnownFileType = sourcecode.c.objc; name = ImageScrollCell.m; path = LoopView/ImageScrollCell.m; sourceTree = "<group>"; };
		C78AB6F51D6C8E7C00217402 /* ImageScrollView.h */ = {isa = PBXFileReference; fileEncoding = 4; lastKnownFileType = sourcecode.c.h; name = ImageScrollView.h; path = LoopView/ImageScrollView.h; sourceTree = "<group>"; };
		C78AB6F61D6C8E7C00217402 /* ImageScrollView.m */ = {isa = PBXFileReference; fileEncoding = 4; lastKnownFileType = sourcecode.c.objc; name = ImageScrollView.m; path = LoopView/ImageScrollView.m; sourceTree = "<group>"; };
		C79DC9AA1D65ED140088AAD7 /* News.app */ = {isa = PBXFileReference; explicitFileType = wrapper.application; includeInIndex = 0; path = News.app; sourceTree = BUILT_PRODUCTS_DIR; };
		C79DC9AE1D65ED140088AAD7 /* main.m */ = {isa = PBXFileReference; lastKnownFileType = sourcecode.c.objc; path = main.m; sourceTree = "<group>"; };
		C79DC9B01D65ED140088AAD7 /* AppDelegate.h */ = {isa = PBXFileReference; lastKnownFileType = sourcecode.c.h; path = AppDelegate.h; sourceTree = "<group>"; };
		C79DC9B11D65ED140088AAD7 /* AppDelegate.m */ = {isa = PBXFileReference; lastKnownFileType = sourcecode.c.objc; path = AppDelegate.m; sourceTree = "<group>"; };
		C79DC9B31D65ED140088AAD7 /* ViewController.h */ = {isa = PBXFileReference; lastKnownFileType = sourcecode.c.h; path = ViewController.h; sourceTree = "<group>"; };
		C79DC9B41D65ED140088AAD7 /* ViewController.m */ = {isa = PBXFileReference; lastKnownFileType = sourcecode.c.objc; path = ViewController.m; sourceTree = "<group>"; };
		C79DC9B71D65ED150088AAD7 /* Base */ = {isa = PBXFileReference; lastKnownFileType = file.storyboard; name = Base; path = Base.lproj/Main.storyboard; sourceTree = "<group>"; };
		C79DC9BA1D65ED150088AAD7 /* News.xcdatamodel */ = {isa = PBXFileReference; lastKnownFileType = wrapper.xcdatamodel; path = News.xcdatamodel; sourceTree = "<group>"; };
		C79DC9BC1D65ED150088AAD7 /* Assets.xcassets */ = {isa = PBXFileReference; lastKnownFileType = folder.assetcatalog; path = Assets.xcassets; sourceTree = "<group>"; };
		C79DC9BF1D65ED150088AAD7 /* Base */ = {isa = PBXFileReference; lastKnownFileType = file.storyboard; name = Base; path = Base.lproj/LaunchScreen.storyboard; sourceTree = "<group>"; };
		C79DC9C11D65ED150088AAD7 /* Info.plist */ = {isa = PBXFileReference; lastKnownFileType = text.plist.xml; path = Info.plist; sourceTree = "<group>"; };
		C79DC9C61D65ED150088AAD7 /* NewsTests.xctest */ = {isa = PBXFileReference; explicitFileType = wrapper.cfbundle; includeInIndex = 0; path = NewsTests.xctest; sourceTree = BUILT_PRODUCTS_DIR; };
		C79DC9CA1D65ED150088AAD7 /* NewsTests.m */ = {isa = PBXFileReference; lastKnownFileType = sourcecode.c.objc; path = NewsTests.m; sourceTree = "<group>"; };
		C79DC9CC1D65ED150088AAD7 /* Info.plist */ = {isa = PBXFileReference; lastKnownFileType = text.plist.xml; path = Info.plist; sourceTree = "<group>"; };
		C79DC9D11D65ED150088AAD7 /* NewsUITests.xctest */ = {isa = PBXFileReference; explicitFileType = wrapper.cfbundle; includeInIndex = 0; path = NewsUITests.xctest; sourceTree = BUILT_PRODUCTS_DIR; };
		C79DC9D51D65ED150088AAD7 /* NewsUITests.m */ = {isa = PBXFileReference; lastKnownFileType = sourcecode.c.objc; path = NewsUITests.m; sourceTree = "<group>"; };
		C79DC9D71D65ED150088AAD7 /* Info.plist */ = {isa = PBXFileReference; lastKnownFileType = text.plist.xml; path = Info.plist; sourceTree = "<group>"; };
		C7B80F081D672A1600BED9D0 /* public.h */ = {isa = PBXFileReference; lastKnownFileType = sourcecode.c.h; path = public.h; sourceTree = "<group>"; };
		C7CEE0A51D671C930099510A /* HomeViewController.h */ = {isa = PBXFileReference; fileEncoding = 4; lastKnownFileType = sourcecode.c.h; path = HomeViewController.h; sourceTree = "<group>"; };
		C7CEE0A61D671C930099510A /* HomeViewController.m */ = {isa = PBXFileReference; fileEncoding = 4; lastKnownFileType = sourcecode.c.objc; path = HomeViewController.m; sourceTree = "<group>"; };
/* End PBXFileReference section */

/* Begin PBXFrameworksBuildPhase section */
		C79DC9A71D65ED140088AAD7 /* Frameworks */ = {
			isa = PBXFrameworksBuildPhase;
			buildActionMask = 2147483647;
			files = (
				35BDA607D605440D1C4E6A1B /* libPods-News.a in Frameworks */,
			);
			runOnlyForDeploymentPostprocessing = 0;
		};
		C79DC9C31D65ED150088AAD7 /* Frameworks */ = {
			isa = PBXFrameworksBuildPhase;
			buildActionMask = 2147483647;
			files = (
			);
			runOnlyForDeploymentPostprocessing = 0;
		};
		C79DC9CE1D65ED150088AAD7 /* Frameworks */ = {
			isa = PBXFrameworksBuildPhase;
			buildActionMask = 2147483647;
			files = (
			);
			runOnlyForDeploymentPostprocessing = 0;
		};
/* End PBXFrameworksBuildPhase section */

/* Begin PBXGroup section */
		2C1BB68A1D654428006583A8 /* views */ = {
			isa = PBXGroup;
			children = (
				C78AB6F31D6C8E7C00217402 /* ImageScrollCell.h */,
				C78AB6F41D6C8E7C00217402 /* ImageScrollCell.m */,
				C78AB6F51D6C8E7C00217402 /* ImageScrollView.h */,
				C78AB6F61D6C8E7C00217402 /* ImageScrollView.m */,
				2C1BB68E1D654483006583A8 /* BannerViewCell.h */,
				2C1BB68F1D654483006583A8 /* BannerViewCell.m */,
				2C1BB6901D654483006583A8 /* BannerViewCell.xib */,
				2C681B651D68AD1E00DB263B /* QuickEntryViewCell.h */,
				2C681B661D68AD1E00DB263B /* QuickEntryViewCell.m */,
				2C681B671D68AD1E00DB263B /* QuickEntryViewCell.xib */,
				2C5026011D69F1C20028CA6E /* LoginViewCell.h */,
				2C5026021D69F1C20028CA6E /* LoginViewCell.m */,
				2C5026031D69F1C20028CA6E /* LoginViewCell.xib */,
				2C5026061D69F3B60028CA6E /* UserInfoViewCell.h */,
				2C5026071D69F3B60028CA6E /* UserInfoViewCell.m */,
				2C5026081D69F3B60028CA6E /* UserInfoViewCell.xib */,
			);
			name = views;
			sourceTree = "<group>";
		};
		2C50EA0C1D66054C0007A709 /* model */ = {
			isa = PBXGroup;
			children = (
				2C50EA0D1D6605BD0007A709 /* GZVideoModel.h */,
				2C50EA0E1D6605BD0007A709 /* GZVideoModel.m */,
				2C681B5F1D68A2D600DB263B /* GZBarrageModel.h */,
				2C681B601D68A2D600DB263B /* GZBarrageModel.m */,
				C783F40F1D6D4D3F000EFD8C /* BmobRequest.h */,
				C783F4101D6D4D3F000EFD8C /* BmobRequest.m */,
			);
			name = model;
			sourceTree = "<group>";
		};
		6318D6A9F78F3AFE24D904D4 /* Frameworks */ = {
			isa = PBXGroup;
			children = (
				57807A0217240AF7CEF25B1E /* libPods-News.a */,
			);
			name = Frameworks;
			sourceTree = "<group>";
		};
		C79DC9A11D65ED140088AAD7 = {
			isa = PBXGroup;
			children = (
				C79DC9AC1D65ED140088AAD7 /* News */,
				C79DC9C91D65ED150088AAD7 /* NewsTests */,
				C79DC9D41D65ED150088AAD7 /* NewsUITests */,
				C79DC9AB1D65ED140088AAD7 /* Products */,
				D0027421F7E76AE75E63A0AF /* Pods */,
				6318D6A9F78F3AFE24D904D4 /* Frameworks */,
			);
			sourceTree = "<group>";
		};
		C79DC9AB1D65ED140088AAD7 /* Products */ = {
			isa = PBXGroup;
			children = (
				C79DC9AA1D65ED140088AAD7 /* News.app */,
				C79DC9C61D65ED150088AAD7 /* NewsTests.xctest */,
				C79DC9D11D65ED150088AAD7 /* NewsUITests.xctest */,
			);
			name = Products;
			sourceTree = "<group>";
		};
		C79DC9AC1D65ED140088AAD7 /* News */ = {
			isa = PBXGroup;
			children = (
				2C50EA0C1D66054C0007A709 /* model */,
				2C1BB68A1D654428006583A8 /* views */,
				C7B80F071D672A0100BED9D0 /* public */,
				C7CEE0A41D671C5E0099510A /* controller */,
				C79DC9AD1D65ED140088AAD7 /* Supporting Files */,
			);
			path = News;
			sourceTree = "<group>";
		};
		C79DC9AD1D65ED140088AAD7 /* Supporting Files */ = {
			isa = PBXGroup;
			children = (
				C79DC9B01D65ED140088AAD7 /* AppDelegate.h */,
				C79DC9B11D65ED140088AAD7 /* AppDelegate.m */,
				C79DC9B31D65ED140088AAD7 /* ViewController.h */,
				C79DC9B41D65ED140088AAD7 /* ViewController.m */,
				C79DC9B61D65ED150088AAD7 /* Main.storyboard */,
				C79DC9BC1D65ED150088AAD7 /* Assets.xcassets */,
				C79DC9BE1D65ED150088AAD7 /* LaunchScreen.storyboard */,
				C79DC9C11D65ED150088AAD7 /* Info.plist */,
				C79DC9B91D65ED150088AAD7 /* News.xcdatamodeld */,
				C79DC9AE1D65ED140088AAD7 /* main.m */,
			);
			name = "Supporting Files";
			sourceTree = "<group>";
		};
		C79DC9C91D65ED150088AAD7 /* NewsTests */ = {
			isa = PBXGroup;
			children = (
				C79DC9CA1D65ED150088AAD7 /* NewsTests.m */,
				C79DC9CC1D65ED150088AAD7 /* Info.plist */,
			);
			path = NewsTests;
			sourceTree = "<group>";
		};
		C79DC9D41D65ED150088AAD7 /* NewsUITests */ = {
			isa = PBXGroup;
			children = (
				C79DC9D51D65ED150088AAD7 /* NewsUITests.m */,
				C79DC9D71D65ED150088AAD7 /* Info.plist */,
			);
			path = NewsUITests;
			sourceTree = "<group>";
		};
		C7B80F071D672A0100BED9D0 /* public */ = {
			isa = PBXGroup;
			children = (
				C7B80F081D672A1600BED9D0 /* public.h */,
				C783F4121D6DA4BC000EFD8C /* constant.h */,
			);
			name = public;
			sourceTree = "<group>";
		};
		C7CEE0A41D671C5E0099510A /* controller */ = {
			isa = PBXGroup;
			children = (
				C7CEE0A51D671C930099510A /* HomeViewController.h */,
				C7CEE0A61D671C930099510A /* HomeViewController.m */,
				2CA859531D650ECE002B5A00 /* HomeViewController.xib */,
				C783F4131D6DDB9F000EFD8C /* PersonalViewController.h */,
				C783F4141D6DDB9F000EFD8C /* PersonalViewController.m */,
				C783F4151D6DDB9F000EFD8C /* PersonalViewController.xib */,
			);
			name = controller;
			sourceTree = "<group>";
		};
		D0027421F7E76AE75E63A0AF /* Pods */ = {
			isa = PBXGroup;
			children = (
				7E56AD2B49585868D0DFC9BE /* Pods-News.debug.xcconfig */,
				1384BBA253882A9F41688D03 /* Pods-News.release.xcconfig */,
			);
			name = Pods;
			sourceTree = "<group>";
		};
/* End PBXGroup section */

/* Begin PBXNativeTarget section */
		C79DC9A91D65ED140088AAD7 /* News */ = {
			isa = PBXNativeTarget;
			buildConfigurationList = C79DC9DA1D65ED150088AAD7 /* Build configuration list for PBXNativeTarget "News" */;
			buildPhases = (
				0DF668694FAB09A9D7884D0F /* [CP] Check Pods Manifest.lock */,
				C79DC9A61D65ED140088AAD7 /* Sources */,
				C79DC9A71D65ED140088AAD7 /* Frameworks */,
				C79DC9A81D65ED140088AAD7 /* Resources */,
				C9A35FDBD5AE1277C84856D9 /* [CP] Embed Pods Frameworks */,
				AA574455200416A0AA3DA672 /* [CP] Copy Pods Resources */,
			);
			buildRules = (
			);
			dependencies = (
			);
			name = News;
			productName = News;
			productReference = C79DC9AA1D65ED140088AAD7 /* News.app */;
			productType = "com.apple.product-type.application";
		};
		C79DC9C51D65ED150088AAD7 /* NewsTests */ = {
			isa = PBXNativeTarget;
			buildConfigurationList = C79DC9DD1D65ED150088AAD7 /* Build configuration list for PBXNativeTarget "NewsTests" */;
			buildPhases = (
				C79DC9C21D65ED150088AAD7 /* Sources */,
				C79DC9C31D65ED150088AAD7 /* Frameworks */,
				C79DC9C41D65ED150088AAD7 /* Resources */,
			);
			buildRules = (
			);
			dependencies = (
				C79DC9C81D65ED150088AAD7 /* PBXTargetDependency */,
			);
			name = NewsTests;
			productName = NewsTests;
			productReference = C79DC9C61D65ED150088AAD7 /* NewsTests.xctest */;
			productType = "com.apple.product-type.bundle.unit-test";
		};
		C79DC9D01D65ED150088AAD7 /* NewsUITests */ = {
			isa = PBXNativeTarget;
			buildConfigurationList = C79DC9E01D65ED150088AAD7 /* Build configuration list for PBXNativeTarget "NewsUITests" */;
			buildPhases = (
				C79DC9CD1D65ED150088AAD7 /* Sources */,
				C79DC9CE1D65ED150088AAD7 /* Frameworks */,
				C79DC9CF1D65ED150088AAD7 /* Resources */,
			);
			buildRules = (
			);
			dependencies = (
				C79DC9D31D65ED150088AAD7 /* PBXTargetDependency */,
			);
			name = NewsUITests;
			productName = NewsUITests;
			productReference = C79DC9D11D65ED150088AAD7 /* NewsUITests.xctest */;
			productType = "com.apple.product-type.bundle.ui-testing";
		};
/* End PBXNativeTarget section */

/* Begin PBXProject section */
		C79DC9A21D65ED140088AAD7 /* Project object */ = {
			isa = PBXProject;
			attributes = {
				LastUpgradeCheck = 0700;
				ORGANIZATIONNAME = xiebangyuan;
				TargetAttributes = {
					C79DC9A91D65ED140088AAD7 = {
						CreatedOnToolsVersion = 7.0.1;
						DevelopmentTeam = RSTH3TRNT3;
					};
					C79DC9C51D65ED150088AAD7 = {
						CreatedOnToolsVersion = 7.0.1;
						TestTargetID = C79DC9A91D65ED140088AAD7;
					};
					C79DC9D01D65ED150088AAD7 = {
						CreatedOnToolsVersion = 7.0.1;
						TestTargetID = C79DC9A91D65ED140088AAD7;
					};
				};
			};
			buildConfigurationList = C79DC9A51D65ED140088AAD7 /* Build configuration list for PBXProject "News" */;
			compatibilityVersion = "Xcode 3.2";
			developmentRegion = English;
			hasScannedForEncodings = 0;
			knownRegions = (
				en,
				Base,
			);
			mainGroup = C79DC9A11D65ED140088AAD7;
			productRefGroup = C79DC9AB1D65ED140088AAD7 /* Products */;
			projectDirPath = "";
			projectRoot = "";
			targets = (
				C79DC9A91D65ED140088AAD7 /* News */,
				C79DC9C51D65ED150088AAD7 /* NewsTests */,
				C79DC9D01D65ED150088AAD7 /* NewsUITests */,
			);
		};
/* End PBXProject section */

/* Begin PBXResourcesBuildPhase section */
		C79DC9A81D65ED140088AAD7 /* Resources */ = {
			isa = PBXResourcesBuildPhase;
			buildActionMask = 2147483647;
			files = (
				C79DC9C01D65ED150088AAD7 /* LaunchScreen.storyboard in Resources */,
				C79DC9BD1D65ED150088AAD7 /* Assets.xcassets in Resources */,
				C79DC9B81D65ED150088AAD7 /* Main.storyboard in Resources */,
				2C50260A1D69F3B60028CA6E /* UserInfoViewCell.xib in Resources */,
				2C681B691D68AD1E00DB263B /* QuickEntryViewCell.xib in Resources */,
				2C1BB6921D654483006583A8 /* BannerViewCell.xib in Resources */,
				C783F4171D6DDB9F000EFD8C /* PersonalViewController.xib in Resources */,
				2C5026051D69F1C20028CA6E /* LoginViewCell.xib in Resources */,
				2CA859541D650ECE002B5A00 /* HomeViewController.xib in Resources */,
			);
			runOnlyForDeploymentPostprocessing = 0;
		};
		C79DC9C41D65ED150088AAD7 /* Resources */ = {
			isa = PBXResourcesBuildPhase;
			buildActionMask = 2147483647;
			files = (
			);
			runOnlyForDeploymentPostprocessing = 0;
		};
		C79DC9CF1D65ED150088AAD7 /* Resources */ = {
			isa = PBXResourcesBuildPhase;
			buildActionMask = 2147483647;
			files = (
			);
			runOnlyForDeploymentPostprocessing = 0;
		};
/* End PBXResourcesBuildPhase section */

/* Begin PBXShellScriptBuildPhase section */
		0DF668694FAB09A9D7884D0F /* [CP] Check Pods Manifest.lock */ = {
			isa = PBXShellScriptBuildPhase;
			buildActionMask = 2147483647;
			files = (
			);
			inputPaths = (
			);
			name = "[CP] Check Pods Manifest.lock";
			outputPaths = (
			);
			runOnlyForDeploymentPostprocessing = 0;
			shellPath = /bin/sh;
			shellScript = "diff \"${PODS_ROOT}/../Podfile.lock\" \"${PODS_ROOT}/Manifest.lock\" > /dev/null\nif [ $? != 0 ] ; then\n    # print error to STDERR\n    echo \"error: The sandbox is not in sync with the Podfile.lock. Run 'pod install' or update your CocoaPods installation.\" >&2\n    exit 1\nfi\n";
			showEnvVarsInLog = 0;
		};
		AA574455200416A0AA3DA672 /* [CP] Copy Pods Resources */ = {
			isa = PBXShellScriptBuildPhase;
			buildActionMask = 2147483647;
			files = (
			);
			inputPaths = (
			);
			name = "[CP] Copy Pods Resources";
			outputPaths = (
			);
			runOnlyForDeploymentPostprocessing = 0;
			shellPath = /bin/sh;
			shellScript = "\"${SRCROOT}/Pods/Target Support Files/Pods-News/Pods-News-resources.sh\"\n";
			showEnvVarsInLog = 0;
		};
		C9A35FDBD5AE1277C84856D9 /* [CP] Embed Pods Frameworks */ = {
			isa = PBXShellScriptBuildPhase;
			buildActionMask = 2147483647;
			files = (
			);
			inputPaths = (
			);
			name = "[CP] Embed Pods Frameworks";
			outputPaths = (
			);
			runOnlyForDeploymentPostprocessing = 0;
			shellPath = /bin/sh;
			shellScript = "\"${SRCROOT}/Pods/Target Support Files/Pods-News/Pods-News-frameworks.sh\"\n";
			showEnvVarsInLog = 0;
		};
/* End PBXShellScriptBuildPhase section */

/* Begin PBXSourcesBuildPhase section */
		C79DC9A61D65ED140088AAD7 /* Sources */ = {
			isa = PBXSourcesBuildPhase;
			buildActionMask = 2147483647;
			files = (
				C79DC9B51D65ED140088AAD7 /* ViewController.m in Sources */,
				C79DC9B21D65ED140088AAD7 /* AppDelegate.m in Sources */,
				2C50EA0F1D6605BD0007A709 /* GZVideoModel.m in Sources */,
				C79DC9BB1D65ED150088AAD7 /* News.xcdatamodeld in Sources */,
				2C681B681D68AD1E00DB263B /* QuickEntryViewCell.m in Sources */,
				C7CEE0A81D671C930099510A /* HomeViewController.m in Sources */,
				C78AB6F71D6C8E7C00217402 /* ImageScrollCell.m in Sources */,
				C783F4161D6DDB9F000EFD8C /* PersonalViewController.m in Sources */,
				C79DC9AF1D65ED140088AAD7 /* main.m in Sources */,
				2C1BB6911D654483006583A8 /* BannerViewCell.m in Sources */,
				2C681B611D68A2D600DB263B /* GZBarrageModel.m in Sources */,
				C783F4111D6D4D3F000EFD8C /* BmobRequest.m in Sources */,
				2C5026041D69F1C20028CA6E /* LoginViewCell.m in Sources */,
				2C5026091D69F3B60028CA6E /* UserInfoViewCell.m in Sources */,
				C78AB6F81D6C8E7C00217402 /* ImageScrollView.m in Sources */,
			);
			runOnlyForDeploymentPostprocessing = 0;
		};
		C79DC9C21D65ED150088AAD7 /* Sources */ = {
			isa = PBXSourcesBuildPhase;
			buildActionMask = 2147483647;
			files = (
				C79DC9CB1D65ED150088AAD7 /* NewsTests.m in Sources */,
			);
			runOnlyForDeploymentPostprocessing = 0;
		};
		C79DC9CD1D65ED150088AAD7 /* Sources */ = {
			isa = PBXSourcesBuildPhase;
			buildActionMask = 2147483647;
			files = (
				C79DC9D61D65ED150088AAD7 /* NewsUITests.m in Sources */,
			);
			runOnlyForDeploymentPostprocessing = 0;
		};
/* End PBXSourcesBuildPhase section */

/* Begin PBXTargetDependency section */
		C79DC9C81D65ED150088AAD7 /* PBXTargetDependency */ = {
			isa = PBXTargetDependency;
			target = C79DC9A91D65ED140088AAD7 /* News */;
			targetProxy = C79DC9C71D65ED150088AAD7 /* PBXContainerItemProxy */;
		};
		C79DC9D31D65ED150088AAD7 /* PBXTargetDependency */ = {
			isa = PBXTargetDependency;
			target = C79DC9A91D65ED140088AAD7 /* News */;
			targetProxy = C79DC9D21D65ED150088AAD7 /* PBXContainerItemProxy */;
		};
/* End PBXTargetDependency section */

/* Begin PBXVariantGroup section */
		C79DC9B61D65ED150088AAD7 /* Main.storyboard */ = {
			isa = PBXVariantGroup;
			children = (
				C79DC9B71D65ED150088AAD7 /* Base */,
			);
			name = Main.storyboard;
			sourceTree = "<group>";
		};
		C79DC9BE1D65ED150088AAD7 /* LaunchScreen.storyboard */ = {
			isa = PBXVariantGroup;
			children = (
				C79DC9BF1D65ED150088AAD7 /* Base */,
			);
			name = LaunchScreen.storyboard;
			sourceTree = "<group>";
		};
/* End PBXVariantGroup section */

/* Begin XCBuildConfiguration section */
		C79DC9D81D65ED150088AAD7 /* Debug */ = {
			isa = XCBuildConfiguration;
			buildSettings = {
				ALWAYS_SEARCH_USER_PATHS = NO;
				CLANG_CXX_LANGUAGE_STANDARD = "gnu++0x";
				CLANG_CXX_LIBRARY = "libc++";
				CLANG_ENABLE_MODULES = YES;
				CLANG_ENABLE_OBJC_ARC = YES;
				CLANG_WARN_BOOL_CONVERSION = YES;
				CLANG_WARN_CONSTANT_CONVERSION = YES;
				CLANG_WARN_DIRECT_OBJC_ISA_USAGE = YES_ERROR;
				CLANG_WARN_EMPTY_BODY = YES;
				CLANG_WARN_ENUM_CONVERSION = YES;
				CLANG_WARN_INT_CONVERSION = YES;
				CLANG_WARN_OBJC_ROOT_CLASS = YES_ERROR;
				CLANG_WARN_UNREACHABLE_CODE = YES;
				CLANG_WARN__DUPLICATE_METHOD_MATCH = YES;
				"CODE_SIGN_IDENTITY[sdk=iphoneos*]" = "iPhone Developer";
				COPY_PHASE_STRIP = NO;
				DEBUG_INFORMATION_FORMAT = dwarf;
				ENABLE_STRICT_OBJC_MSGSEND = YES;
				ENABLE_TESTABILITY = YES;
				GCC_C_LANGUAGE_STANDARD = gnu99;
				GCC_DYNAMIC_NO_PIC = NO;
				GCC_NO_COMMON_BLOCKS = YES;
				GCC_OPTIMIZATION_LEVEL = 0;
				GCC_PREPROCESSOR_DEFINITIONS = (
					"DEBUG=1",
					"$(inherited)",
				);
				GCC_WARN_64_TO_32_BIT_CONVERSION = YES;
				GCC_WARN_ABOUT_RETURN_TYPE = YES_ERROR;
				GCC_WARN_UNDECLARED_SELECTOR = YES;
				GCC_WARN_UNINITIALIZED_AUTOS = YES_AGGRESSIVE;
				GCC_WARN_UNUSED_FUNCTION = YES;
				GCC_WARN_UNUSED_VARIABLE = YES;
				IPHONEOS_DEPLOYMENT_TARGET = 9.0;
				MTL_ENABLE_DEBUG_INFO = YES;
				ONLY_ACTIVE_ARCH = YES;
				SDKROOT = iphoneos;
			};
			name = Debug;
		};
		C79DC9D91D65ED150088AAD7 /* Release */ = {
			isa = XCBuildConfiguration;
			buildSettings = {
				ALWAYS_SEARCH_USER_PATHS = NO;
				CLANG_CXX_LANGUAGE_STANDARD = "gnu++0x";
				CLANG_CXX_LIBRARY = "libc++";
				CLANG_ENABLE_MODULES = YES;
				CLANG_ENABLE_OBJC_ARC = YES;
				CLANG_WARN_BOOL_CONVERSION = YES;
				CLANG_WARN_CONSTANT_CONVERSION = YES;
				CLANG_WARN_DIRECT_OBJC_ISA_USAGE = YES_ERROR;
				CLANG_WARN_EMPTY_BODY = YES;
				CLANG_WARN_ENUM_CONVERSION = YES;
				CLANG_WARN_INT_CONVERSION = YES;
				CLANG_WARN_OBJC_ROOT_CLASS = YES_ERROR;
				CLANG_WARN_UNREACHABLE_CODE = YES;
				CLANG_WARN__DUPLICATE_METHOD_MATCH = YES;
				"CODE_SIGN_IDENTITY[sdk=iphoneos*]" = "iPhone Developer";
				COPY_PHASE_STRIP = NO;
				DEBUG_INFORMATION_FORMAT = "dwarf-with-dsym";
				ENABLE_NS_ASSERTIONS = NO;
				ENABLE_STRICT_OBJC_MSGSEND = YES;
				GCC_C_LANGUAGE_STANDARD = gnu99;
				GCC_NO_COMMON_BLOCKS = YES;
				GCC_WARN_64_TO_32_BIT_CONVERSION = YES;
				GCC_WARN_ABOUT_RETURN_TYPE = YES_ERROR;
				GCC_WARN_UNDECLARED_SELECTOR = YES;
				GCC_WARN_UNINITIALIZED_AUTOS = YES_AGGRESSIVE;
				GCC_WARN_UNUSED_FUNCTION = YES;
				GCC_WARN_UNUSED_VARIABLE = YES;
				IPHONEOS_DEPLOYMENT_TARGET = 9.0;
				MTL_ENABLE_DEBUG_INFO = NO;
				SDKROOT = iphoneos;
				VALIDATE_PRODUCT = YES;
			};
			name = Release;
		};
		C79DC9DB1D65ED150088AAD7 /* Debug */ = {
			isa = XCBuildConfiguration;
			baseConfigurationReference = 7E56AD2B49585868D0DFC9BE /* Pods-News.debug.xcconfig */;
			buildSettings = {
				ASSETCATALOG_COMPILER_APPICON_NAME = AppIcon;
				CODE_SIGN_IDENTITY = "iPhone Developer";
				"CODE_SIGN_IDENTITY[sdk=iphoneos*]" = "iPhone Developer";
				INFOPLIST_FILE = News/Info.plist;
				IPHONEOS_DEPLOYMENT_TARGET = 8.4;
				LD_RUNPATH_SEARCH_PATHS = "$(inherited) @executable_path/Frameworks";
				PRODUCT_BUNDLE_IDENTIFIER = com.aimi.News;
				PRODUCT_NAME = "$(TARGET_NAME)";
				PROVISIONING_PROFILE = "";
			};
			name = Debug;
		};
		C79DC9DC1D65ED150088AAD7 /* Release */ = {
			isa = XCBuildConfiguration;
			baseConfigurationReference = 1384BBA253882A9F41688D03 /* Pods-News.release.xcconfig */;
			buildSettings = {
				ASSETCATALOG_COMPILER_APPICON_NAME = AppIcon;
				CODE_SIGN_IDENTITY = "iPhone Developer";
				"CODE_SIGN_IDENTITY[sdk=iphoneos*]" = "iPhone Developer";
				INFOPLIST_FILE = News/Info.plist;
				IPHONEOS_DEPLOYMENT_TARGET = 8.4;
				LD_RUNPATH_SEARCH_PATHS = "$(inherited) @executable_path/Frameworks";
				PRODUCT_BUNDLE_IDENTIFIER = com.aimi.News;
				PRODUCT_NAME = "$(TARGET_NAME)";
				PROVISIONING_PROFILE = "";
			};
			name = Release;
		};
		C79DC9DE1D65ED150088AAD7 /* Debug */ = {
			isa = XCBuildConfiguration;
			buildSettings = {
				BUNDLE_LOADER = "$(TEST_HOST)";
				INFOPLIST_FILE = NewsTests/Info.plist;
				LD_RUNPATH_SEARCH_PATHS = "$(inherited) @executable_path/Frameworks @loader_path/Frameworks";
				PRODUCT_BUNDLE_IDENTIFIER = com.aimi.NewsTests;
				PRODUCT_NAME = "$(TARGET_NAME)";
				TEST_HOST = "$(BUILT_PRODUCTS_DIR)/News.app/News";
			};
			name = Debug;
		};
		C79DC9DF1D65ED150088AAD7 /* Release */ = {
			isa = XCBuildConfiguration;
			buildSettings = {
				BUNDLE_LOADER = "$(TEST_HOST)";
				INFOPLIST_FILE = NewsTests/Info.plist;
				LD_RUNPATH_SEARCH_PATHS = "$(inherited) @executable_path/Frameworks @loader_path/Frameworks";
				PRODUCT_BUNDLE_IDENTIFIER = com.aimi.NewsTests;
				PRODUCT_NAME = "$(TARGET_NAME)";
				TEST_HOST = "$(BUILT_PRODUCTS_DIR)/News.app/News";
			};
			name = Release;
		};
		C79DC9E11D65ED150088AAD7 /* Debug */ = {
			isa = XCBuildConfiguration;
			buildSettings = {
				INFOPLIST_FILE = NewsUITests/Info.plist;
				LD_RUNPATH_SEARCH_PATHS = "$(inherited) @executable_path/Frameworks @loader_path/Frameworks";
				PRODUCT_BUNDLE_IDENTIFIER = com.aimi.NewsUITests;
				PRODUCT_NAME = "$(TARGET_NAME)";
				TEST_TARGET_NAME = News;
				USES_XCTRUNNER = YES;
			};
			name = Debug;
		};
		C79DC9E21D65ED150088AAD7 /* Release */ = {
			isa = XCBuildConfiguration;
			buildSettings = {
				INFOPLIST_FILE = NewsUITests/Info.plist;
				LD_RUNPATH_SEARCH_PATHS = "$(inherited) @executable_path/Frameworks @loader_path/Frameworks";
				PRODUCT_BUNDLE_IDENTIFIER = com.aimi.NewsUITests;
				PRODUCT_NAME = "$(TARGET_NAME)";
				TEST_TARGET_NAME = News;
				USES_XCTRUNNER = YES;
			};
			name = Release;
		};
/* End XCBuildConfiguration section */

/* Begin XCConfigurationList section */
		C79DC9A51D65ED140088AAD7 /* Build configuration list for PBXProject "News" */ = {
			isa = XCConfigurationList;
			buildConfigurations = (
				C79DC9D81D65ED150088AAD7 /* Debug */,
				C79DC9D91D65ED150088AAD7 /* Release */,
			);
			defaultConfigurationIsVisible = 0;
			defaultConfigurationName = Release;
		};
		C79DC9DA1D65ED150088AAD7 /* Build configuration list for PBXNativeTarget "News" */ = {
			isa = XCConfigurationList;
			buildConfigurations = (
				C79DC9DB1D65ED150088AAD7 /* Debug */,
				C79DC9DC1D65ED150088AAD7 /* Release */,
			);
			defaultConfigurationIsVisible = 0;
			defaultConfigurationName = Release;
		};
		C79DC9DD1D65ED150088AAD7 /* Build configuration list for PBXNativeTarget "NewsTests" */ = {
			isa = XCConfigurationList;
			buildConfigurations = (
				C79DC9DE1D65ED150088AAD7 /* Debug */,
				C79DC9DF1D65ED150088AAD7 /* Release */,
			);
			defaultConfigurationIsVisible = 0;
			defaultConfigurationName = Release;
		};
		C79DC9E01D65ED150088AAD7 /* Build configuration list for PBXNativeTarget "NewsUITests" */ = {
			isa = XCConfigurationList;
			buildConfigurations = (
				C79DC9E11D65ED150088AAD7 /* Debug */,
				C79DC9E21D65ED150088AAD7 /* Release */,
			);
			defaultConfigurationIsVisible = 0;
			defaultConfigurationName = Release;
		};
/* End XCConfigurationList section */

/* Begin XCVersionGroup section */
		C79DC9B91D65ED150088AAD7 /* News.xcdatamodeld */ = {
			isa = XCVersionGroup;
			children = (
				C79DC9BA1D65ED150088AAD7 /* News.xcdatamodel */,
			);
			currentVersion = C79DC9BA1D65ED150088AAD7 /* News.xcdatamodel */;
			path = News.xcdatamodeld;
			sourceTree = "<group>";
			versionGroupType = wrapper.xcdatamodel;
		};
/* End XCVersionGroup section */
	};
	rootObject = C79DC9A21D65ED140088AAD7 /* Project object */;
}
